
Microsoft Visual Studio Solution File, Format Version 12.00
# Visual Studio Version 17
VisualStudioVersion = 17.9.34616.47
MinimumVisualStudioVersion = 10.0.40219.1
Project("{FAE04EC0-301F-11D3-BF4B-00C04F79EFBC}") = "CSC317LeapYearInClass", "CSC317LeapYearInClass\CSC317LeapYearInClass.csproj", "{051F749E-5F57-4DE3-941C-1611462AE078}"
EndProject
Global
	GlobalSection(SolutionConfigurationPlatforms) = preSolution
		Debug|Any CPU = Debug|Any CPU
		Release|Any CPU = Release|Any CPU
	EndGlobalSection
	GlobalSection(ProjectConfigurationPlatforms) = postSolution
		{051F749E-5F57-4DE3-941C-1611462AE078}.Debug|Any CPU.ActiveCfg = Debug|Any CPU
		{051F749E-5F57-4DE3-941C-1611462AE078}.Debug|Any CPU.Build.0 = Debug|Any CPU
		{051F749E-5F57-4DE3-941C-1611462AE078}.Debug|Any CPU.Deploy.0 = Debug|Any CPU
		{051F749E-5F57-4DE3-941C-1611462AE078}.Release|Any CPU.ActiveCfg = Release|Any CPU
		{051F749E-5F57-4DE3-941C-1611462AE078}.Release|Any CPU.Build.0 = Release|Any CPU
		{051F749E-5F57-4DE3-941C-1611462AE078}.Release|Any CPU.Deploy.0 = Release|Any CPU
	EndGlobalSection
	GlobalSection(SolutionProperties) = preSolution
		HideSolutionNode = FALSE
	EndGlobalSection
	GlobalSection(ExtensibilityGlobals) = postSolution
		SolutionGuid = {463B59FA-B7EE-4BE9-A853-8995D167069B}
	EndGlobalSection
EndGlobal
